
Microsoft Visual Studio Solution File, Format Version 12.00
# Visual Studio Version 17
VisualStudioVersion = 17.0.31903.59
MinimumVisualStudioVersion = 10.0.40219.1
Project("{2150E333-8FDC-42A3-9474-1A3956D46DE8}") = "src", "src", "{827E0CD3-B72D-47B6-A68D-7590B98EB39B}"
EndProject
Project("{FAE04EC0-301F-11D3-BF4B-00C04F79EFBC}") = "AirlineSystem.Domain", "src\AirlineSystem.Domain\AirlineSystem.Domain.csproj", "{DD65DFB6-72A9-4121-8FA7-3CC4B7372FE9}"
EndProject
Project("{FAE04EC0-301F-11D3-BF4B-00C04F79EFBC}") = "AirlineSystem.Application", "src\AirlineSystem.Application\AirlineSystem.Application.csproj", "{9ED81A93-E994-4C3D-A40D-F6C3CDE01787}"
EndProject
Project("{FAE04EC0-301F-11D3-BF4B-00C04F79EFBC}") = "AirlineSystem.Infrastructure", "src\AirlineSystem.Infrastructure\AirlineSystem.Infrastructure.csproj", "{DDEE252D-B92B-4591-AB07-4BEE051A0C5A}"
EndProject
Project("{FAE04EC0-301F-11D3-BF4B-00C04F79EFBC}") = "AirlineSystem.API", "src\AirlineSystem.API\AirlineSystem.API.csproj", "{4A7B6AAF-05DB-41DF-987D-CDD7D4DB4E0E}"
EndProject
Project("{2150E333-8FDC-42A3-9474-1A3956D46DE8}") = "tests", "tests", "{0AB3BF05-4346-4AA6-1389-037BE0695223}"
EndProject
Project("{FAE04EC0-301F-11D3-BF4B-00C04F79EFBC}") = "AirlineSystem.Application.Tests", "tests\AirlineSystem.Application.Tests\AirlineSystem.Application.Tests.csproj", "{C79B8532-E0D4-4131-8460-0F6C273E55B5}"
EndProject
Project("{FAE04EC0-301F-11D3-BF4B-00C04F79EFBC}") = "AirlineSystem.API.IntegrationTests", "tests\AirlineSystem.API.IntegrationTests\AirlineSystem.API.IntegrationTests.csproj", "{3A68E1AD-3845-40EA-B46D-9FB772E92633}"
EndProject
Project("{FAE04EC0-301F-11D3-BF4B-00C04F79EFBC}") = "AirlineSystem.Gateway", "src\AirlineSystem.Gateway\AirlineSystem.Gateway.csproj", "{27D8445A-F69C-4777-8714-2475EDF4C795}"
EndProject
Global
	GlobalSection(SolutionConfigurationPlatforms) = preSolution
		Debug|Any CPU = Debug|Any CPU
		Debug|x64 = Debug|x64
		Debug|x86 = Debug|x86
		Release|Any CPU = Release|Any CPU
		Release|x64 = Release|x64
		Release|x86 = Release|x86
	EndGlobalSection
	GlobalSection(ProjectConfigurationPlatforms) = postSolution
		{DD65DFB6-72A9-4121-8FA7-3CC4B7372FE9}.Debug|Any CPU.ActiveCfg = Debug|Any CPU
		{DD65DFB6-72A9-4121-8FA7-3CC4B7372FE9}.Debug|Any CPU.Build.0 = Debug|Any CPU
		{DD65DFB6-72A9-4121-8FA7-3CC4B7372FE9}.Debug|x64.ActiveCfg = Debug|Any CPU
		{DD65DFB6-72A9-4121-8FA7-3CC4B7372FE9}.Debug|x64.Build.0 = Debug|Any CPU
		{DD65DFB6-72A9-4121-8FA7-3CC4B7372FE9}.Debug|x86.ActiveCfg = Debug|Any CPU
		{DD65DFB6-72A9-4121-8FA7-3CC4B7372FE9}.Debug|x86.Build.0 = Debug|Any CPU
		{DD65DFB6-72A9-4121-8FA7-3CC4B7372FE9}.Release|Any CPU.ActiveCfg = Release|Any CPU
		{DD65DFB6-72A9-4121-8FA7-3CC4B7372FE9}.Release|Any CPU.Build.0 = Release|Any CPU
		{DD65DFB6-72A9-4121-8FA7-3CC4B7372FE9}.Release|x64.ActiveCfg = Release|Any CPU
		{DD65DFB6-72A9-4121-8FA7-3CC4B7372FE9}.Release|x64.Build.0 = Release|Any CPU
		{DD65DFB6-72A9-4121-8FA7-3CC4B7372FE9}.Release|x86.ActiveCfg = Release|Any CPU
		{DD65DFB6-72A9-4121-8FA7-3CC4B7372FE9}.Release|x86.Build.0 = Release|Any CPU
		{9ED81A93-E994-4C3D-A40D-F6C3CDE01787}.Debug|Any CPU.ActiveCfg = Debug|Any CPU
		{9ED81A93-E994-4C3D-A40D-F6C3CDE01787}.Debug|Any CPU.Build.0 = Debug|Any CPU
		{9ED81A93-E994-4C3D-A40D-F6C3CDE01787}.Debug|x64.ActiveCfg = Debug|Any CPU
		{9ED81A93-E994-4C3D-A40D-F6C3CDE01787}.Debug|x64.Build.0 = Debug|Any CPU
		{9ED81A93-E994-4C3D-A40D-F6C3CDE01787}.Debug|x86.ActiveCfg = Debug|Any CPU
		{9ED81A93-E994-4C3D-A40D-F6C3CDE01787}.Debug|x86.Build.0 = Debug|Any CPU
		{9ED81A93-E994-4C3D-A40D-F6C3CDE01787}.Release|Any CPU.ActiveCfg = Release|Any CPU
		{9ED81A93-E994-4C3D-A40D-F6C3CDE01787}.Release|Any CPU.Build.0 = Release|Any CPU
		{9ED81A93-E994-4C3D-A40D-F6C3CDE01787}.Release|x64.ActiveCfg = Release|Any CPU
		{9ED81A93-E994-4C3D-A40D-F6C3CDE01787}.Release|x64.Build.0 = Release|Any CPU
		{9ED81A93-E994-4C3D-A40D-F6C3CDE01787}.Release|x86.ActiveCfg = Release|Any CPU
		{9ED81A93-E994-4C3D-A40D-F6C3CDE01787}.Release|x86.Build.0 = Release|Any CPU
		{DDEE252D-B92B-4591-AB07-4BEE051A0C5A}.Debug|Any CPU.ActiveCfg = Debug|Any CPU
		{DDEE252D-B92B-4591-AB07-4BEE051A0C5A}.Debug|Any CPU.Build.0 = Debug|Any CPU
		{DDEE252D-B92B-4591-AB07-4BEE051A0C5A}.Debug|x64.ActiveCfg = Debug|Any CPU
		{DDEE252D-B92B-4591-AB07-4BEE051A0C5A}.Debug|x64.Build.0 = Debug|Any CPU
		{DDEE252D-B92B-4591-AB07-4BEE051A0C5A}.Debug|x86.ActiveCfg = Debug|Any CPU
		{DDEE252D-B92B-4591-AB07-4BEE051A0C5A}.Debug|x86.Build.0 = Debug|Any CPU
		{DDEE252D-B92B-4591-AB07-4BEE051A0C5A}.Release|Any CPU.ActiveCfg = Release|Any CPU
		{DDEE252D-B92B-4591-AB07-4BEE051A0C5A}.Release|Any CPU.Build.0 = Release|Any CPU
		{DDEE252D-B92B-4591-AB07-4BEE051A0C5A}.Release|x64.ActiveCfg = Release|Any CPU
		{DDEE252D-B92B-4591-AB07-4BEE051A0C5A}.Release|x64.Build.0 = Release|Any CPU
		{DDEE252D-B92B-4591-AB07-4BEE051A0C5A}.Release|x86.ActiveCfg = Release|Any CPU
		{DDEE252D-B92B-4591-AB07-4BEE051A0C5A}.Release|x86.Build.0 = Release|Any CPU
		{4A7B6AAF-05DB-41DF-987D-CDD7D4DB4E0E}.Debug|Any CPU.ActiveCfg = Debug|Any CPU
		{4A7B6AAF-05DB-41DF-987D-CDD7D4DB4E0E}.Debug|Any CPU.Build.0 = Debug|Any CPU
		{4A7B6AAF-05DB-41DF-987D-CDD7D4DB4E0E}.Debug|x64.ActiveCfg = Debug|Any CPU
		{4A7B6AAF-05DB-41DF-987D-CDD7D4DB4E0E}.Debug|x64.Build.0 = Debug|Any CPU
		{4A7B6AAF-05DB-41DF-987D-CDD7D4DB4E0E}.Debug|x86.ActiveCfg = Debug|Any CPU
		{4A7B6AAF-05DB-41DF-987D-CDD7D4DB4E0E}.Debug|x86.Build.0 = Debug|Any CPU
		{4A7B6AAF-05DB-41DF-987D-CDD7D4DB4E0E}.Release|Any CPU.ActiveCfg = Release|Any CPU
		{4A7B6AAF-05DB-41DF-987D-CDD7D4DB4E0E}.Release|Any CPU.Build.0 = Release|Any CPU
		{4A7B6AAF-05DB-41DF-987D-CDD7D4DB4E0E}.Release|x64.ActiveCfg = Release|Any CPU
		{4A7B6AAF-05DB-41DF-987D-CDD7D4DB4E0E}.Release|x64.Build.0 = Release|Any CPU
		{4A7B6AAF-05DB-41DF-987D-CDD7D4DB4E0E}.Release|x86.ActiveCfg = Release|Any CPU
		{4A7B6AAF-05DB-41DF-987D-CDD7D4DB4E0E}.Release|x86.Build.0 = Release|Any CPU
		{C79B8532-E0D4-4131-8460-0F6C273E55B5}.Debug|Any CPU.ActiveCfg = Debug|Any CPU
		{C79B8532-E0D4-4131-8460-0F6C273E55B5}.Debug|Any CPU.Build.0 = Debug|Any CPU
		{C79B8532-E0D4-4131-8460-0F6C273E55B5}.Debug|x64.ActiveCfg = Debug|Any CPU
		{C79B8532-E0D4-4131-8460-0F6C273E55B5}.Debug|x64.Build.0 = Debug|Any CPU
		{C79B8532-E0D4-4131-8460-0F6C273E55B5}.Debug|x86.ActiveCfg = Debug|Any CPU
		{C79B8532-E0D4-4131-8460-0F6C273E55B5}.Debug|x86.Build.0 = Debug|Any CPU
		{C79B8532-E0D4-4131-8460-0F6C273E55B5}.Release|Any CPU.ActiveCfg = Release|Any CPU
		{C79B8532-E0D4-4131-8460-0F6C273E55B5}.Release|Any CPU.Build.0 = Release|Any CPU
		{C79B8532-E0D4-4131-8460-0F6C273E55B5}.Release|x64.ActiveCfg = Release|Any CPU
		{C79B8532-E0D4-4131-8460-0F6C273E55B5}.Release|x64.Build.0 = Release|Any CPU
		{C79B8532-E0D4-4131-8460-0F6C273E55B5}.Release|x86.ActiveCfg = Release|Any CPU
		{C79B8532-E0D4-4131-8460-0F6C273E55B5}.Release|x86.Build.0 = Release|Any CPU
		{3A68E1AD-3845-40EA-B46D-9FB772E92633}.Debug|Any CPU.ActiveCfg = Debug|Any CPU
		{3A68E1AD-3845-40EA-B46D-9FB772E92633}.Debug|Any CPU.Build.0 = Debug|Any CPU
		{3A68E1AD-3845-40EA-B46D-9FB772E92633}.Debug|x64.ActiveCfg = Debug|Any CPU
		{3A68E1AD-3845-40EA-B46D-9FB772E92633}.Debug|x64.Build.0 = Debug|Any CPU
		{3A68E1AD-3845-40EA-B46D-9FB772E92633}.Debug|x86.ActiveCfg = Debug|Any CPU
		{3A68E1AD-3845-40EA-B46D-9FB772E92633}.Debug|x86.Build.0 = Debug|Any CPU
		{3A68E1AD-3845-40EA-B46D-9FB772E92633}.Release|Any CPU.ActiveCfg = Release|Any CPU
		{3A68E1AD-3845-40EA-B46D-9FB772E92633}.Release|Any CPU.Build.0 = Release|Any CPU
		{3A68E1AD-3845-40EA-B46D-9FB772E92633}.Release|x64.ActiveCfg = Release|Any CPU
		{3A68E1AD-3845-40EA-B46D-9FB772E92633}.Release|x64.Build.0 = Release|Any CPU
		{3A68E1AD-3845-40EA-B46D-9FB772E92633}.Release|x86.ActiveCfg = Release|Any CPU
		{3A68E1AD-3845-40EA-B46D-9FB772E92633}.Release|x86.Build.0 = Release|Any CPU
		{27D8445A-F69C-4777-8714-2475EDF4C795}.Debug|Any CPU.ActiveCfg = Debug|Any CPU
		{27D8445A-F69C-4777-8714-2475EDF4C795}.Debug|Any CPU.Build.0 = Debug|Any CPU
		{27D8445A-F69C-4777-8714-2475EDF4C795}.Debug|x64.ActiveCfg = Debug|Any CPU
		{27D8445A-F69C-4777-8714-2475EDF4C795}.Debug|x64.Build.0 = Debug|Any CPU
		{27D8445A-F69C-4777-8714-2475EDF4C795}.Debug|x86.ActiveCfg = Debug|Any CPU
		{27D8445A-F69C-4777-8714-2475EDF4C795}.Debug|x86.Build.0 = Debug|Any CPU
		{27D8445A-F69C-4777-8714-2475EDF4C795}.Release|Any CPU.ActiveCfg = Release|Any CPU
		{27D8445A-F69C-4777-8714-2475EDF4C795}.Release|Any CPU.Build.0 = Release|Any CPU
		{27D8445A-F69C-4777-8714-2475EDF4C795}.Release|x64.ActiveCfg = Release|Any CPU
		{27D8445A-F69C-4777-8714-2475EDF4C795}.Release|x64.Build.0 = Release|Any CPU
		{27D8445A-F69C-4777-8714-2475EDF4C795}.Release|x86.ActiveCfg = Release|Any CPU
		{27D8445A-F69C-4777-8714-2475EDF4C795}.Release|x86.Build.0 = Release|Any CPU
	EndGlobalSection
	GlobalSection(SolutionProperties) = preSolution
		HideSolutionNode = FALSE
	EndGlobalSection
	GlobalSection(NestedProjects) = preSolution
		{DD65DFB6-72A9-4121-8FA7-3CC4B7372FE9} = {827E0CD3-B72D-47B6-A68D-7590B98EB39B}
		{9ED81A93-E994-4C3D-A40D-F6C3CDE01787} = {827E0CD3-B72D-47B6-A68D-7590B98EB39B}
		{DDEE252D-B92B-4591-AB07-4BEE051A0C5A} = {827E0CD3-B72D-47B6-A68D-7590B98EB39B}
		{4A7B6AAF-05DB-41DF-987D-CDD7D4DB4E0E} = {827E0CD3-B72D-47B6-A68D-7590B98EB39B}
		{C79B8532-E0D4-4131-8460-0F6C273E55B5} = {0AB3BF05-4346-4AA6-1389-037BE0695223}
		{3A68E1AD-3845-40EA-B46D-9FB772E92633} = {0AB3BF05-4346-4AA6-1389-037BE0695223}
		{27D8445A-F69C-4777-8714-2475EDF4C795} = {827E0CD3-B72D-47B6-A68D-7590B98EB39B}
	EndGlobalSection
EndGlobal
